
Microsoft Visual Studio Solution File, Format Version 12.00
# Visual Studio Version 16
VisualStudioVersion = 16.0.29009.5
MinimumVisualStudioVersion = 10.0.40219.1
Project("{9A19103F-16F7-4668-BE54-9A1E7A4F7556}") = "TrackerLibrary", "TrackerLibrary\TrackerLibrary.csproj", "{0D536564-DECA-4FA1-82C3-EA056EC3751F}"
EndProject
Project("{FAE04EC0-301F-11D3-BF4B-00C04F79EFBC}") = "TrackerUI", "TrackerUI\TrackerUI.csproj", "{940234BB-283B-4F6D-945E-EA181E0019B8}"
EndProject
Global
	GlobalSection(SolutionConfigurationPlatforms) = preSolution
		Debug|Any CPU = Debug|Any CPU
		Release|Any CPU = Release|Any CPU
	EndGlobalSection
	GlobalSection(ProjectConfigurationPlatforms) = postSolution
		{0D536564-DECA-4FA1-82C3-EA056EC3751F}.Debug|Any CPU.ActiveCfg = Debug|Any CPU
		{0D536564-DECA-4FA1-82C3-EA056EC3751F}.Debug|Any CPU.Build.0 = Debug|Any CPU
		{0D536564-DECA-4FA1-82C3-EA056EC3751F}.Release|Any CPU.ActiveCfg = Release|Any CPU
		{0D536564-DECA-4FA1-82C3-EA056EC3751F}.Release|Any CPU.Build.0 = Release|Any CPU
		{940234BB-283B-4F6D-945E-EA181E0019B8}.Debug|Any CPU.ActiveCfg = Debug|Any CPU
		{940234BB-283B-4F6D-945E-EA181E0019B8}.Debug|Any CPU.Build.0 = Debug|Any CPU
		{940234BB-283B-4F6D-945E-EA181E0019B8}.Release|Any CPU.ActiveCfg = Release|Any CPU
		{940234BB-283B-4F6D-945E-EA181E0019B8}.Release|Any CPU.Build.0 = Release|Any CPU
	EndGlobalSection
	GlobalSection(SolutionProperties) = preSolution
		HideSolutionNode = FALSE
	EndGlobalSection
	GlobalSection(ExtensibilityGlobals) = postSolution
		SolutionGuid = {A8145C95-A9C7-4F71-8032-87B6B6CC6261}
	EndGlobalSection
EndGlobal
